
Microsoft Visual Studio Solution File, Format Version 12.00
# Visual Studio Version 16
VisualStudioVersion = 16.0.30114.105
MinimumVisualStudioVersion = 10.0.40219.1
Project("{FAE04EC0-301F-11D3-BF4B-00C04F79EFBC}") = "test", "test\test.csproj", "{17308D71-3C07-4542-9531-74F1D2E2FCDE}"
EndProject
Project("{2150E333-8FDC-42A3-9474-1A3956D46DE8}") = "src", "src", "{35E93AD8-327D-4344-ADE2-392AE0AD747A}"
EndProject
Project("{2150E333-8FDC-42A3-9474-1A3956D46DE8}") = "Core", "Core", "{03E03822-242B-4FE1-A7AF-EEC711EDE7E7}"
EndProject
Project("{FAE04EC0-301F-11D3-BF4B-00C04F79EFBC}") = "StaticCs.Analyzers", "src\Core\Analyzers\StaticCs.Analyzers.csproj", "{A0A82DB1-985E-4F6D-980E-40EA97A903DE}"
EndProject
Global
	GlobalSection(SolutionConfigurationPlatforms) = preSolution
		Debug|Any CPU = Debug|Any CPU
		Release|Any CPU = Release|Any CPU
	EndGlobalSection
	GlobalSection(SolutionProperties) = preSolution
		HideSolutionNode = FALSE
	EndGlobalSection
	GlobalSection(ProjectConfigurationPlatforms) = postSolution
		{17308D71-3C07-4542-9531-74F1D2E2FCDE}.Debug|Any CPU.ActiveCfg = Debug|Any CPU
		{17308D71-3C07-4542-9531-74F1D2E2FCDE}.Debug|Any CPU.Build.0 = Debug|Any CPU
		{17308D71-3C07-4542-9531-74F1D2E2FCDE}.Release|Any CPU.ActiveCfg = Release|Any CPU
		{17308D71-3C07-4542-9531-74F1D2E2FCDE}.Release|Any CPU.Build.0 = Release|Any CPU
		{A0A82DB1-985E-4F6D-980E-40EA97A903DE}.Debug|Any CPU.ActiveCfg = Debug|Any CPU
		{A0A82DB1-985E-4F6D-980E-40EA97A903DE}.Debug|Any CPU.Build.0 = Debug|Any CPU
		{A0A82DB1-985E-4F6D-980E-40EA97A903DE}.Release|Any CPU.ActiveCfg = Release|Any CPU
		{A0A82DB1-985E-4F6D-980E-40EA97A903DE}.Release|Any CPU.Build.0 = Release|Any CPU
	EndGlobalSection
	GlobalSection(NestedProjects) = preSolution
		{03E03822-242B-4FE1-A7AF-EEC711EDE7E7} = {35E93AD8-327D-4344-ADE2-392AE0AD747A}
		{A0A82DB1-985E-4F6D-980E-40EA97A903DE} = {03E03822-242B-4FE1-A7AF-EEC711EDE7E7}
	EndGlobalSection
EndGlobal
