
Microsoft Visual Studio Solution File, Format Version 12.00
# Visual Studio Version 17
VisualStudioVersion = 17.0.31903.59
MinimumVisualStudioVersion = 10.0.40219.1
Project("{2150E333-8FDC-42A3-9474-1A3956D46DE8}") = "src", "src", "{E383093D-99E0-4B3D-8B3B-C960B7B7C426}"
EndProject
Project("{FAE04EC0-301F-11D3-BF4B-00C04F79EFBC}") = "StaticCs.Collections", "src\Collections\StaticCs.Collections.csproj", "{44789D3C-044A-457B-9F5F-47209D0D5C21}"
EndProject
Project("{FAE04EC0-301F-11D3-BF4B-00C04F79EFBC}") = "StaticCs.Analyzers", "src\StaticCs.Analyzers\StaticCs.Analyzers.csproj", "{67978680-9F72-4D01-AD66-1A137D576594}"
EndProject
Project("{FAE04EC0-301F-11D3-BF4B-00C04F79EFBC}") = "test", "test\test.csproj", "{6410EF00-D0D3-48DC-97A5-07FA8DFBD005}"
EndProject
Global
	GlobalSection(SolutionConfigurationPlatforms) = preSolution
		Debug|Any CPU = Debug|Any CPU
		Release|Any CPU = Release|Any CPU
	EndGlobalSection
	GlobalSection(SolutionProperties) = preSolution
		HideSolutionNode = FALSE
	EndGlobalSection
	GlobalSection(ProjectConfigurationPlatforms) = postSolution
		{44789D3C-044A-457B-9F5F-47209D0D5C21}.Debug|Any CPU.ActiveCfg = Debug|Any CPU
		{44789D3C-044A-457B-9F5F-47209D0D5C21}.Debug|Any CPU.Build.0 = Debug|Any CPU
		{44789D3C-044A-457B-9F5F-47209D0D5C21}.Release|Any CPU.ActiveCfg = Release|Any CPU
		{44789D3C-044A-457B-9F5F-47209D0D5C21}.Release|Any CPU.Build.0 = Release|Any CPU
		{67978680-9F72-4D01-AD66-1A137D576594}.Debug|Any CPU.ActiveCfg = Debug|Any CPU
		{67978680-9F72-4D01-AD66-1A137D576594}.Debug|Any CPU.Build.0 = Debug|Any CPU
		{67978680-9F72-4D01-AD66-1A137D576594}.Release|Any CPU.ActiveCfg = Release|Any CPU
		{67978680-9F72-4D01-AD66-1A137D576594}.Release|Any CPU.Build.0 = Release|Any CPU
		{6410EF00-D0D3-48DC-97A5-07FA8DFBD005}.Debug|Any CPU.ActiveCfg = Debug|Any CPU
		{6410EF00-D0D3-48DC-97A5-07FA8DFBD005}.Debug|Any CPU.Build.0 = Debug|Any CPU
		{6410EF00-D0D3-48DC-97A5-07FA8DFBD005}.Release|Any CPU.ActiveCfg = Release|Any CPU
		{6410EF00-D0D3-48DC-97A5-07FA8DFBD005}.Release|Any CPU.Build.0 = Release|Any CPU
	EndGlobalSection
	GlobalSection(NestedProjects) = preSolution
		{44789D3C-044A-457B-9F5F-47209D0D5C21} = {E383093D-99E0-4B3D-8B3B-C960B7B7C426}
		{67978680-9F72-4D01-AD66-1A137D576594} = {E383093D-99E0-4B3D-8B3B-C960B7B7C426}
	EndGlobalSection
EndGlobal
