
Microsoft Visual Studio Solution File, Format Version 12.00
# Visual Studio Version 17
VisualStudioVersion = 17.0.31903.59
MinimumVisualStudioVersion = 10.0.40219.1
Project("{2150E333-8FDC-42A3-9474-1A3956D46DE8}") = "src", "src", "{E383093D-99E0-4B3D-8B3B-C960B7B7C426}"
EndProject
Project("{FAE04EC0-301F-11D3-BF4B-00C04F79EFBC}") = "StaticCs.Collections", "src\Collections\StaticCs.Collections.csproj", "{44789D3C-044A-457B-9F5F-47209D0D5C21}"
EndProject
Project("{FAE04EC0-301F-11D3-BF4B-00C04F79EFBC}") = "StaticCs.Async", "src\Async\StaticCs.Async.csproj", "{48E1C9BD-5F90-4028-95E0-A4EA00201F15}"
EndProject
Project("{2150E333-8FDC-42A3-9474-1A3956D46DE8}") = "test", "test", "{E9E2044F-C0D2-4270-A896-E9917D1331D0}"
EndProject
Project("{FAE04EC0-301F-11D3-BF4B-00C04F79EFBC}") = "test", "test\test\test.csproj", "{2D168E49-8396-43D4-BF8F-8CF0796CF2DD}"
EndProject
Project("{FAE04EC0-301F-11D3-BF4B-00C04F79EFBC}") = "AotTest", "test\AotTest\AotTest.csproj", "{7FD737C0-6ED4-44E9-BC40-096BFD16DBDA}"
EndProject
Project("{FAE04EC0-301F-11D3-BF4B-00C04F79EFBC}") = "StaticCs", "src\StaticCs\StaticCs.csproj", "{FD238201-2E9D-4066-83BB-43D3DD49EC24}"
EndProject
Project("{FAE04EC0-301F-11D3-BF4B-00C04F79EFBC}") = "StaticCs.TrimmableConverter", "src\StaticCs.TrimmableConverter\StaticCs.TrimmableConverter.csproj", "{B29FFDB1-7006-42FA-9647-3101CDFB364F}"
EndProject
Project("{FAE04EC0-301F-11D3-BF4B-00C04F79EFBC}") = "StaticCs.Result", "src\Result\StaticCs.Result.csproj", "{8FF14261-BA9C-487F-8581-3F7D978EA772}"
EndProject
Global
	GlobalSection(SolutionConfigurationPlatforms) = preSolution
		Debug|Any CPU = Debug|Any CPU
		Release|Any CPU = Release|Any CPU
	EndGlobalSection
	GlobalSection(SolutionProperties) = preSolution
		HideSolutionNode = FALSE
	EndGlobalSection
	GlobalSection(ProjectConfigurationPlatforms) = postSolution
		{44789D3C-044A-457B-9F5F-47209D0D5C21}.Debug|Any CPU.ActiveCfg = Debug|Any CPU
		{44789D3C-044A-457B-9F5F-47209D0D5C21}.Debug|Any CPU.Build.0 = Debug|Any CPU
		{44789D3C-044A-457B-9F5F-47209D0D5C21}.Release|Any CPU.ActiveCfg = Release|Any CPU
		{44789D3C-044A-457B-9F5F-47209D0D5C21}.Release|Any CPU.Build.0 = Release|Any CPU
		{48E1C9BD-5F90-4028-95E0-A4EA00201F15}.Debug|Any CPU.ActiveCfg = Debug|Any CPU
		{48E1C9BD-5F90-4028-95E0-A4EA00201F15}.Debug|Any CPU.Build.0 = Debug|Any CPU
		{48E1C9BD-5F90-4028-95E0-A4EA00201F15}.Release|Any CPU.ActiveCfg = Release|Any CPU
		{48E1C9BD-5F90-4028-95E0-A4EA00201F15}.Release|Any CPU.Build.0 = Release|Any CPU
		{2D168E49-8396-43D4-BF8F-8CF0796CF2DD}.Debug|Any CPU.ActiveCfg = Debug|Any CPU
		{2D168E49-8396-43D4-BF8F-8CF0796CF2DD}.Debug|Any CPU.Build.0 = Debug|Any CPU
		{2D168E49-8396-43D4-BF8F-8CF0796CF2DD}.Release|Any CPU.ActiveCfg = Release|Any CPU
		{2D168E49-8396-43D4-BF8F-8CF0796CF2DD}.Release|Any CPU.Build.0 = Release|Any CPU
		{7FD737C0-6ED4-44E9-BC40-096BFD16DBDA}.Debug|Any CPU.ActiveCfg = Debug|Any CPU
		{7FD737C0-6ED4-44E9-BC40-096BFD16DBDA}.Debug|Any CPU.Build.0 = Debug|Any CPU
		{7FD737C0-6ED4-44E9-BC40-096BFD16DBDA}.Release|Any CPU.ActiveCfg = Release|Any CPU
		{7FD737C0-6ED4-44E9-BC40-096BFD16DBDA}.Release|Any CPU.Build.0 = Release|Any CPU
		{FD238201-2E9D-4066-83BB-43D3DD49EC24}.Debug|Any CPU.ActiveCfg = Debug|Any CPU
		{FD238201-2E9D-4066-83BB-43D3DD49EC24}.Debug|Any CPU.Build.0 = Debug|Any CPU
		{FD238201-2E9D-4066-83BB-43D3DD49EC24}.Release|Any CPU.ActiveCfg = Release|Any CPU
		{FD238201-2E9D-4066-83BB-43D3DD49EC24}.Release|Any CPU.Build.0 = Release|Any CPU
		{B29FFDB1-7006-42FA-9647-3101CDFB364F}.Debug|Any CPU.ActiveCfg = Debug|Any CPU
		{B29FFDB1-7006-42FA-9647-3101CDFB364F}.Debug|Any CPU.Build.0 = Debug|Any CPU
		{B29FFDB1-7006-42FA-9647-3101CDFB364F}.Release|Any CPU.ActiveCfg = Release|Any CPU
		{B29FFDB1-7006-42FA-9647-3101CDFB364F}.Release|Any CPU.Build.0 = Release|Any CPU
		{8FF14261-BA9C-487F-8581-3F7D978EA772}.Debug|Any CPU.ActiveCfg = Debug|Any CPU
		{8FF14261-BA9C-487F-8581-3F7D978EA772}.Debug|Any CPU.Build.0 = Debug|Any CPU
		{8FF14261-BA9C-487F-8581-3F7D978EA772}.Release|Any CPU.ActiveCfg = Release|Any CPU
		{8FF14261-BA9C-487F-8581-3F7D978EA772}.Release|Any CPU.Build.0 = Release|Any CPU
	EndGlobalSection
	GlobalSection(NestedProjects) = preSolution
		{44789D3C-044A-457B-9F5F-47209D0D5C21} = {E383093D-99E0-4B3D-8B3B-C960B7B7C426}
		{48E1C9BD-5F90-4028-95E0-A4EA00201F15} = {E383093D-99E0-4B3D-8B3B-C960B7B7C426}
		{2D168E49-8396-43D4-BF8F-8CF0796CF2DD} = {E9E2044F-C0D2-4270-A896-E9917D1331D0}
		{7FD737C0-6ED4-44E9-BC40-096BFD16DBDA} = {E9E2044F-C0D2-4270-A896-E9917D1331D0}
		{FD238201-2E9D-4066-83BB-43D3DD49EC24} = {E383093D-99E0-4B3D-8B3B-C960B7B7C426}
		{B29FFDB1-7006-42FA-9647-3101CDFB364F} = {E383093D-99E0-4B3D-8B3B-C960B7B7C426}
		{8FF14261-BA9C-487F-8581-3F7D978EA772} = {E383093D-99E0-4B3D-8B3B-C960B7B7C426}
	EndGlobalSection
EndGlobal
