
Microsoft Visual Studio Solution File, Format Version 12.00
# Visual Studio Version 16
VisualStudioVersion = 16.0.30114.105
MinimumVisualStudioVersion = 10.0.40219.1
Project("{2150E333-8FDC-42A3-9474-1A3956D46DE8}") = "src", "src", "{6A1BA0A6-602B-4614-915C-353474F797AF}"
EndProject
Project("{FAE04EC0-301F-11D3-BF4B-00C04F79EFBC}") = "StaticCs.Analyzers", "src\StaticCs.Analyzers\StaticCs.Analyzers.csproj", "{D3451A02-A723-482A-9EB3-07792EC08DB4}"
EndProject
Project("{FAE04EC0-301F-11D3-BF4B-00C04F79EFBC}") = "AnalyzerTests", "tests\AnalyzerTests.csproj", "{38A19911-F10A-4289-B58F-1785272FCB5B}"
EndProject
Global
	GlobalSection(SolutionConfigurationPlatforms) = preSolution
		Debug|Any CPU = Debug|Any CPU
		Release|Any CPU = Release|Any CPU
	EndGlobalSection
	GlobalSection(SolutionProperties) = preSolution
		HideSolutionNode = FALSE
	EndGlobalSection
	GlobalSection(ProjectConfigurationPlatforms) = postSolution
		{D3451A02-A723-482A-9EB3-07792EC08DB4}.Debug|Any CPU.ActiveCfg = Debug|Any CPU
		{D3451A02-A723-482A-9EB3-07792EC08DB4}.Debug|Any CPU.Build.0 = Debug|Any CPU
		{D3451A02-A723-482A-9EB3-07792EC08DB4}.Release|Any CPU.ActiveCfg = Release|Any CPU
		{D3451A02-A723-482A-9EB3-07792EC08DB4}.Release|Any CPU.Build.0 = Release|Any CPU
		{38A19911-F10A-4289-B58F-1785272FCB5B}.Debug|Any CPU.ActiveCfg = Debug|Any CPU
		{38A19911-F10A-4289-B58F-1785272FCB5B}.Debug|Any CPU.Build.0 = Debug|Any CPU
		{38A19911-F10A-4289-B58F-1785272FCB5B}.Release|Any CPU.ActiveCfg = Release|Any CPU
		{38A19911-F10A-4289-B58F-1785272FCB5B}.Release|Any CPU.Build.0 = Release|Any CPU
	EndGlobalSection
	GlobalSection(NestedProjects) = preSolution
		{D3451A02-A723-482A-9EB3-07792EC08DB4} = {6A1BA0A6-602B-4614-915C-353474F797AF}
	EndGlobalSection
EndGlobal
